
Microsoft Visual Studio Solution File, Format Version 10.00
# Visual C++ Express 2008
Project("{8BC9CEB8-8B4A-11D0-8D11-00A0C91BC942}") = "FitzQuake", "FitzQuake\Fitzquake.vcproj", "{D658EBB2-EEBD-404B-84FD-543B6D194C6A}"
EndProject
Project("{8BC9CEB8-8B4A-11D0-8D11-00A0C91BC942}") = "SoftwareQuake", "SoftwareQuake\SoftwareQuake.vcproj", "{A5B8256C-C31E-410A-9306-1B640165FDBE}"
EndProject
Global
	GlobalSection(SolutionConfigurationPlatforms) = preSolution
		Debug|Win32 = Debug|Win32
		Release|Win32 = Release|Win32
	EndGlobalSection
	GlobalSection(ProjectConfigurationPlatforms) = postSolution
		{D658EBB2-EEBD-404B-84FD-543B6D194C6A}.Debug|Win32.ActiveCfg = Debug|Win32
		{D658EBB2-EEBD-404B-84FD-543B6D194C6A}.Debug|Win32.Build.0 = Debug|Win32
		{D658EBB2-EEBD-404B-84FD-543B6D194C6A}.Release|Win32.ActiveCfg = Release|Win32
		{D658EBB2-EEBD-404B-84FD-543B6D194C6A}.Release|Win32.Build.0 = Release|Win32
		{A5B8256C-C31E-410A-9306-1B640165FDBE}.Debug|Win32.ActiveCfg = Debug|Win32
		{A5B8256C-C31E-410A-9306-1B640165FDBE}.Debug|Win32.Build.0 = Debug|Win32
		{A5B8256C-C31E-410A-9306-1B640165FDBE}.Release|Win32.ActiveCfg = Release|Win32
		{A5B8256C-C31E-410A-9306-1B640165FDBE}.Release|Win32.Build.0 = Release|Win32
	EndGlobalSection
	GlobalSection(SolutionProperties) = preSolution
		HideSolutionNode = FALSE
	EndGlobalSection
EndGlobal
